{
  "name": "modern-analytics-dashboard",
  "version": "1.0.0",
  "lockfileVersion": 3,
  "requires": true,
  "packages": {
    "": {
      "name": "modern-analytics-dashboard",
      "version": "1.0.0",
      "license": "ISC",
      "dependencies": {
        "apexcharts": "^7.1.0",
        "lucide": "^1.44.0"
      }
    },
    "node_modules/apex-commons": {
      "version": "0.5.0",
      "resolved": "https://registry.npmjs.org/apex-commons/-/apex-commons-0.5.0.tgz",
      "integrity": "sha512-xz83SgPREE1wGtoflvxjwJtcjzl5bKTz2/bDxWCZNL6QVjUNE47kMg/1Zqt0bSh6eOnmFCWlTDc3RU8o85N+wg==",
      "license": "MIT"
    },
    "node_modules/apexcharts": {
      "version": "7.1.0",
      "resolved": "https://registry.npmjs.org/apexcharts/-/apexcharts-7.1.0.tgz",
      "integrity": "sha512-zO43jUhHBNz+riahvkVvlqYw8Zpog5KtpdVSc9PbvOiXAmPBaSSoleUtO83NktObHZ9LnNt3M4MdYx7m+aSDMw==",
      "license": "SEE LICENSE IN LICENSE",
      "dependencies": {
        "apex-commons": "^0.5.0"
      },
      "engines": {
        "node": "^20.19.0 || ^22.12.0 || >=24.0.0"
      }
    },
    "node_modules/lucide": {
      "version": "1.44.0",
      "resolved": "https://registry.npmjs.org/lucide/-/lucide-1.44.0.tgz",
      "integrity": "sha512-d30uv1R6AOLBddzVMeeSk6aDAhobqh7nFxMsXuWHyhMmxKRhpLivikbfkmgzbWsn8WTLQIceGMlFY4g3gn4reg==",
      "license": "ISC"
    }
  }
}
